
Microsoft Visual Studio Solution File, Format Version 12.00
# Visual Studio Version 17
VisualStudioVersion = 17.0.31903.59
MinimumVisualStudioVersion = 10.0.40219.1
Project("{9A19103F-16F7-4668-BE54-9A1E7A4F7556}") = "Prt.Core", "src\Prt.Core\Prt.Core.csproj", "{1A2B3C4D-0001-4A01-9001-000000000001}"
EndProject
Project("{9A19103F-16F7-4668-BE54-9A1E7A4F7556}") = "Prt.App", "src\Prt.App\Prt.App.csproj", "{1A2B3C4D-0002-4A02-9002-000000000002}"
EndProject
Project("{2150E333-8FDC-42A3-9474-1A3956D46DE8}") = "src", "src", "{827E0CD3-B72D-47B6-A68D-7590B98EB39B}"
EndProject
Project("{2150E333-8FDC-42A3-9474-1A3956D46DE8}") = "docs", "docs", "{A1B2C3D4-0009-4A09-9009-000000000009}"
	ProjectSection(SolutionItems) = preProject
		docs\使用指南.md = docs\使用指南.md
		docs\部署文档.md = docs\部署文档.md
		docs\系统适配说明.md = docs\系统适配说明.md
		docs\符合性声明.md = docs\符合性声明.md
		docs\行为清单.md = docs\行为清单.md
	EndProjectSection
EndProject
Project("{FAE04EC0-301F-11D3-BF4B-00C04F79EFBC}") = "Prt.Tools.LicenseGen", "src\Prt.Tools.LicenseGen\Prt.Tools.LicenseGen.csproj", "{9772A547-8CBF-416B-ABD9-F42AE2AEC841}"
EndProject
Project("{FAE04EC0-301F-11D3-BF4B-00C04F79EFBC}") = "Prt.Prta", "src\Prt.Prta\Prt.Prta.csproj", "{B4E7A9C1-5D2F-4A38-8E6B-09C71D2F4A58}"
EndProject
Project("{FAE04EC0-301F-11D3-BF4B-00C04F79EFBC}") = "Perisc.Safety", "src\Perisc.Safety\Perisc.Safety.csproj", "{296A49D4-DD5A-4891-97FA-D8FF4E60C61E}"
EndProject
Project("{FAE04EC0-301F-11D3-BF4B-00C04F79EFBC}") = "Perisc.Safety.SafeGuard", "src\Perisc.Safety.SafeGuard\Perisc.Safety.SafeGuard.csproj", "{8D1876A1-86F4-4C1A-9166-07A85DEFFFE1}"
EndProject
Project("{FAE04EC0-301F-11D3-BF4B-00C04F79EFBC}") = "Prt.Installer", "src\Prt.Installer\Prt.Installer.csproj", "{C2794C4B-3200-40DE-8E2E-04DBE98D6D0F}"
EndProject
Project("{FAE04EC0-301F-11D3-BF4B-00C04F79EFBC}") = "Prt.Uninstaller", "src\Prt.Uninstaller\Prt.Uninstaller.csproj", "{56F43732-4A37-4780-BA21-5FD0F96BF2B3}"
EndProject
Global
	GlobalSection(SolutionConfigurationPlatforms) = preSolution
		Debug|Any CPU = Debug|Any CPU
		Debug|x64 = Debug|x64
		Debug|x86 = Debug|x86
		Release|Any CPU = Release|Any CPU
		Release|x64 = Release|x64
		Release|x86 = Release|x86
	EndGlobalSection
	GlobalSection(ProjectConfigurationPlatforms) = postSolution
		{1A2B3C4D-0001-4A01-9001-000000000001}.Debug|Any CPU.ActiveCfg = Debug|Any CPU
		{1A2B3C4D-0001-4A01-9001-000000000001}.Debug|Any CPU.Build.0 = Debug|Any CPU
		{1A2B3C4D-0001-4A01-9001-000000000001}.Debug|x64.ActiveCfg = Debug|Any CPU
		{1A2B3C4D-0001-4A01-9001-000000000001}.Debug|x64.Build.0 = Debug|Any CPU
		{1A2B3C4D-0001-4A01-9001-000000000001}.Debug|x86.ActiveCfg = Debug|Any CPU
		{1A2B3C4D-0001-4A01-9001-000000000001}.Debug|x86.Build.0 = Debug|Any CPU
		{1A2B3C4D-0001-4A01-9001-000000000001}.Release|Any CPU.ActiveCfg = Release|Any CPU
		{1A2B3C4D-0001-4A01-9001-000000000001}.Release|Any CPU.Build.0 = Release|Any CPU
		{1A2B3C4D-0001-4A01-9001-000000000001}.Release|x64.ActiveCfg = Release|Any CPU
		{1A2B3C4D-0001-4A01-9001-000000000001}.Release|x64.Build.0 = Release|Any CPU
		{1A2B3C4D-0001-4A01-9001-000000000001}.Release|x86.ActiveCfg = Release|Any CPU
		{1A2B3C4D-0001-4A01-9001-000000000001}.Release|x86.Build.0 = Release|Any CPU
		{1A2B3C4D-0002-4A02-9002-000000000002}.Debug|Any CPU.ActiveCfg = Debug|Any CPU
		{1A2B3C4D-0002-4A02-9002-000000000002}.Debug|Any CPU.Build.0 = Debug|Any CPU
		{1A2B3C4D-0002-4A02-9002-000000000002}.Debug|x64.ActiveCfg = Debug|Any CPU
		{1A2B3C4D-0002-4A02-9002-000000000002}.Debug|x64.Build.0 = Debug|Any CPU
		{1A2B3C4D-0002-4A02-9002-000000000002}.Debug|x86.ActiveCfg = Debug|Any CPU
		{1A2B3C4D-0002-4A02-9002-000000000002}.Debug|x86.Build.0 = Debug|Any CPU
		{1A2B3C4D-0002-4A02-9002-000000000002}.Release|Any CPU.ActiveCfg = Release|Any CPU
		{1A2B3C4D-0002-4A02-9002-000000000002}.Release|Any CPU.Build.0 = Release|Any CPU
		{1A2B3C4D-0002-4A02-9002-000000000002}.Release|x64.ActiveCfg = Release|Any CPU
		{1A2B3C4D-0002-4A02-9002-000000000002}.Release|x64.Build.0 = Release|Any CPU
		{1A2B3C4D-0002-4A02-9002-000000000002}.Release|x86.ActiveCfg = Release|Any CPU
		{1A2B3C4D-0002-4A02-9002-000000000002}.Release|x86.Build.0 = Release|Any CPU
		{9772A547-8CBF-416B-ABD9-F42AE2AEC841}.Debug|Any CPU.ActiveCfg = Debug|Any CPU
		{9772A547-8CBF-416B-ABD9-F42AE2AEC841}.Debug|Any CPU.Build.0 = Debug|Any CPU
		{9772A547-8CBF-416B-ABD9-F42AE2AEC841}.Debug|x64.ActiveCfg = Debug|Any CPU
		{9772A547-8CBF-416B-ABD9-F42AE2AEC841}.Debug|x64.Build.0 = Debug|Any CPU
		{9772A547-8CBF-416B-ABD9-F42AE2AEC841}.Debug|x86.ActiveCfg = Debug|Any CPU
		{9772A547-8CBF-416B-ABD9-F42AE2AEC841}.Debug|x86.Build.0 = Debug|Any CPU
		{9772A547-8CBF-416B-ABD9-F42AE2AEC841}.Release|Any CPU.ActiveCfg = Release|Any CPU
		{9772A547-8CBF-416B-ABD9-F42AE2AEC841}.Release|Any CPU.Build.0 = Release|Any CPU
		{9772A547-8CBF-416B-ABD9-F42AE2AEC841}.Release|x64.ActiveCfg = Release|Any CPU
		{9772A547-8CBF-416B-ABD9-F42AE2AEC841}.Release|x64.Build.0 = Release|Any CPU
		{9772A547-8CBF-416B-ABD9-F42AE2AEC841}.Release|x86.ActiveCfg = Release|Any CPU
		{9772A547-8CBF-416B-ABD9-F42AE2AEC841}.Release|x86.Build.0 = Release|Any CPU
		{B4E7A9C1-5D2F-4A38-8E6B-09C71D2F4A58}.Debug|Any CPU.ActiveCfg = Debug|Any CPU
		{B4E7A9C1-5D2F-4A38-8E6B-09C71D2F4A58}.Debug|Any CPU.Build.0 = Debug|Any CPU
		{B4E7A9C1-5D2F-4A38-8E6B-09C71D2F4A58}.Debug|x64.ActiveCfg = Debug|Any CPU
		{B4E7A9C1-5D2F-4A38-8E6B-09C71D2F4A58}.Debug|x64.Build.0 = Debug|Any CPU
		{B4E7A9C1-5D2F-4A38-8E6B-09C71D2F4A58}.Debug|x86.ActiveCfg = Debug|Any CPU
		{B4E7A9C1-5D2F-4A38-8E6B-09C71D2F4A58}.Debug|x86.Build.0 = Debug|Any CPU
		{B4E7A9C1-5D2F-4A38-8E6B-09C71D2F4A58}.Release|Any CPU.ActiveCfg = Release|Any CPU
		{B4E7A9C1-5D2F-4A38-8E6B-09C71D2F4A58}.Release|Any CPU.Build.0 = Release|Any CPU
		{B4E7A9C1-5D2F-4A38-8E6B-09C71D2F4A58}.Release|x64.ActiveCfg = Release|Any CPU
		{B4E7A9C1-5D2F-4A38-8E6B-09C71D2F4A58}.Release|x64.Build.0 = Release|Any CPU
		{B4E7A9C1-5D2F-4A38-8E6B-09C71D2F4A58}.Release|x86.ActiveCfg = Release|Any CPU
		{B4E7A9C1-5D2F-4A38-8E6B-09C71D2F4A58}.Release|x86.Build.0 = Release|Any CPU
		{296A49D4-DD5A-4891-97FA-D8FF4E60C61E}.Debug|Any CPU.ActiveCfg = Debug|Any CPU
		{296A49D4-DD5A-4891-97FA-D8FF4E60C61E}.Debug|Any CPU.Build.0 = Debug|Any CPU
		{296A49D4-DD5A-4891-97FA-D8FF4E60C61E}.Debug|x64.ActiveCfg = Debug|Any CPU
		{296A49D4-DD5A-4891-97FA-D8FF4E60C61E}.Debug|x64.Build.0 = Debug|Any CPU
		{296A49D4-DD5A-4891-97FA-D8FF4E60C61E}.Debug|x86.ActiveCfg = Debug|Any CPU
		{296A49D4-DD5A-4891-97FA-D8FF4E60C61E}.Debug|x86.Build.0 = Debug|Any CPU
		{296A49D4-DD5A-4891-97FA-D8FF4E60C61E}.Release|Any CPU.ActiveCfg = Release|Any CPU
		{296A49D4-DD5A-4891-97FA-D8FF4E60C61E}.Release|Any CPU.Build.0 = Release|Any CPU
		{296A49D4-DD5A-4891-97FA-D8FF4E60C61E}.Release|x64.ActiveCfg = Release|Any CPU
		{296A49D4-DD5A-4891-97FA-D8FF4E60C61E}.Release|x64.Build.0 = Release|Any CPU
		{296A49D4-DD5A-4891-97FA-D8FF4E60C61E}.Release|x86.ActiveCfg = Release|Any CPU
		{296A49D4-DD5A-4891-97FA-D8FF4E60C61E}.Release|x86.Build.0 = Release|Any CPU
		{8D1876A1-86F4-4C1A-9166-07A85DEFFFE1}.Debug|Any CPU.ActiveCfg = Debug|Any CPU
		{8D1876A1-86F4-4C1A-9166-07A85DEFFFE1}.Debug|Any CPU.Build.0 = Debug|Any CPU
		{8D1876A1-86F4-4C1A-9166-07A85DEFFFE1}.Debug|x64.ActiveCfg = Debug|Any CPU
		{8D1876A1-86F4-4C1A-9166-07A85DEFFFE1}.Debug|x64.Build.0 = Debug|Any CPU
		{8D1876A1-86F4-4C1A-9166-07A85DEFFFE1}.Debug|x86.ActiveCfg = Debug|Any CPU
		{8D1876A1-86F4-4C1A-9166-07A85DEFFFE1}.Debug|x86.Build.0 = Debug|Any CPU
		{8D1876A1-86F4-4C1A-9166-07A85DEFFFE1}.Release|Any CPU.ActiveCfg = Release|Any CPU
		{8D1876A1-86F4-4C1A-9166-07A85DEFFFE1}.Release|Any CPU.Build.0 = Release|Any CPU
		{8D1876A1-86F4-4C1A-9166-07A85DEFFFE1}.Release|x64.ActiveCfg = Release|Any CPU
		{8D1876A1-86F4-4C1A-9166-07A85DEFFFE1}.Release|x64.Build.0 = Release|Any CPU
		{8D1876A1-86F4-4C1A-9166-07A85DEFFFE1}.Release|x86.ActiveCfg = Release|Any CPU
		{8D1876A1-86F4-4C1A-9166-07A85DEFFFE1}.Release|x86.Build.0 = Release|Any CPU
		{C2794C4B-3200-40DE-8E2E-04DBE98D6D0F}.Debug|Any CPU.ActiveCfg = Debug|Any CPU
		{C2794C4B-3200-40DE-8E2E-04DBE98D6D0F}.Debug|Any CPU.Build.0 = Debug|Any CPU
		{C2794C4B-3200-40DE-8E2E-04DBE98D6D0F}.Debug|x64.ActiveCfg = Debug|Any CPU
		{C2794C4B-3200-40DE-8E2E-04DBE98D6D0F}.Debug|x64.Build.0 = Debug|Any CPU
		{C2794C4B-3200-40DE-8E2E-04DBE98D6D0F}.Debug|x86.ActiveCfg = Debug|Any CPU
		{C2794C4B-3200-40DE-8E2E-04DBE98D6D0F}.Debug|x86.Build.0 = Debug|Any CPU
		{C2794C4B-3200-40DE-8E2E-04DBE98D6D0F}.Release|Any CPU.ActiveCfg = Release|Any CPU
		{C2794C4B-3200-40DE-8E2E-04DBE98D6D0F}.Release|Any CPU.Build.0 = Release|Any CPU
		{C2794C4B-3200-40DE-8E2E-04DBE98D6D0F}.Release|x64.ActiveCfg = Release|Any CPU
		{C2794C4B-3200-40DE-8E2E-04DBE98D6D0F}.Release|x64.Build.0 = Release|Any CPU
		{C2794C4B-3200-40DE-8E2E-04DBE98D6D0F}.Release|x86.ActiveCfg = Release|Any CPU
		{C2794C4B-3200-40DE-8E2E-04DBE98D6D0F}.Release|x86.Build.0 = Release|Any CPU
		{56F43732-4A37-4780-BA21-5FD0F96BF2B3}.Debug|Any CPU.ActiveCfg = Debug|Any CPU
		{56F43732-4A37-4780-BA21-5FD0F96BF2B3}.Debug|Any CPU.Build.0 = Debug|Any CPU
		{56F43732-4A37-4780-BA21-5FD0F96BF2B3}.Debug|x64.ActiveCfg = Debug|Any CPU
		{56F43732-4A37-4780-BA21-5FD0F96BF2B3}.Debug|x64.Build.0 = Debug|Any CPU
		{56F43732-4A37-4780-BA21-5FD0F96BF2B3}.Debug|x86.ActiveCfg = Debug|Any CPU
		{56F43732-4A37-4780-BA21-5FD0F96BF2B3}.Debug|x86.Build.0 = Debug|Any CPU
		{56F43732-4A37-4780-BA21-5FD0F96BF2B3}.Release|Any CPU.ActiveCfg = Release|Any CPU
		{56F43732-4A37-4780-BA21-5FD0F96BF2B3}.Release|Any CPU.Build.0 = Release|Any CPU
		{56F43732-4A37-4780-BA21-5FD0F96BF2B3}.Release|x64.ActiveCfg = Release|Any CPU
		{56F43732-4A37-4780-BA21-5FD0F96BF2B3}.Release|x64.Build.0 = Release|Any CPU
		{56F43732-4A37-4780-BA21-5FD0F96BF2B3}.Release|x86.ActiveCfg = Release|Any CPU
		{56F43732-4A37-4780-BA21-5FD0F96BF2B3}.Release|x86.Build.0 = Release|Any CPU
	EndGlobalSection
	GlobalSection(SolutionProperties) = preSolution
		HideSolutionNode = FALSE
	EndGlobalSection
	GlobalSection(NestedProjects) = preSolution
		{1A2B3C4D-0001-4A01-9001-000000000001} = {827E0CD3-B72D-47B6-A68D-7590B98EB39B}
		{1A2B3C4D-0002-4A02-9002-000000000002} = {827E0CD3-B72D-47B6-A68D-7590B98EB39B}
		{9772A547-8CBF-416B-ABD9-F42AE2AEC841} = {827E0CD3-B72D-47B6-A68D-7590B98EB39B}
		{B4E7A9C1-5D2F-4A38-8E6B-09C71D2F4A58} = {827E0CD3-B72D-47B6-A68D-7590B98EB39B}
		{296A49D4-DD5A-4891-97FA-D8FF4E60C61E} = {827E0CD3-B72D-47B6-A68D-7590B98EB39B}
		{8D1876A1-86F4-4C1A-9166-07A85DEFFFE1} = {827E0CD3-B72D-47B6-A68D-7590B98EB39B}
		{C2794C4B-3200-40DE-8E2E-04DBE98D6D0F} = {827E0CD3-B72D-47B6-A68D-7590B98EB39B}
		{56F43732-4A37-4780-BA21-5FD0F96BF2B3} = {827E0CD3-B72D-47B6-A68D-7590B98EB39B}
	EndGlobalSection
EndGlobal
